{
  "requires": true,
  "lockfileVersion": 1,
  "dependencies": {
    "jsencrypt": {
      "version": "3.0.0-rc.1",
      "resolved": "https://r.cnpmjs.org/jsencrypt/download/jsencrypt-3.0.0-rc.1.tgz",
      "integrity": "sha1-DgpHRLpDzFV/tc9i/oZGvOtWGxw="
    },
    "uview-ui": {
      "version": "1.7.8",
      "resolved": "https://r.cnpmjs.org/uview-ui/download/uview-ui-1.7.8.tgz",
      "integrity": "sha1-5ovZ0DfFESBloGZyQSZ7NAmwrh4="
    }
  }
}
